# This file is automatically @generated by Cargo.
# It is not intended for manual editing.
version = 4

[[package]]
name = "hepta-browser-contracts"
version = "0.1.0"
dependencies = [
 "trillionnium-contract-core",
]

[[package]]
name = "hepta-browserd"
version = "0.1.0"
dependencies = [
 "hepta-browser-contracts",
 "hepta-session-core",
 "trillionnium-contract-core",
]

[[package]]
name = "hepta-session-core"
version = "0.1.0"
dependencies = [
 "hepta-browser-contracts",
 "trillionnium-contract-core",
]

[[package]]
name = "trillionnium-contract-core"
version = "0.1.0"
